# THIS IS AN AUTOGENERATED FILE. DO NOT EDIT THIS FILE DIRECTLY.
# yarn lockfile v1


bcryptjs@^2.4.3:
  version "2.4.3"
  resolved "https://registry.yarnpkg.com/bcryptjs/-/bcryptjs-2.4.3.tgz#9ab5627b93e60621ff7cdac5da9733027df1d0cb"
  integrity sha1-mrVie5PmBiH/fNrF2pczAn3x0Ms=

dotenv@^10.0.0:
  version "10.0.0"
  resolved "https://registry.yarnpkg.com/dotenv/-/dotenv-10.0.0.tgz#3d4227b8fb95f81096cdd2b66653fb2c7085ba81"
  integrity sha512-rlBi9d8jpv9Sf1klPjNfFAuWDjKLwTIJJ/VxtoTwIR6hnZxcEOQCZg2oIL3MWBYw5GpUDKOEnND7LXTbIpQ03Q==

express-async-handler@^1.1.4:
  version "1.1.4"
  resolved "https://registry.yarnpkg.com/express-async-handler/-/express-async-handler-1.1.4.tgz#225a84908df63b35ae9df94b6f0f1af061266426"
  integrity sha512-HdmbVF4V4w1q/iz++RV7bUxIeepTukWewiJGkoCKQMtvPF11MLTa7It9PRc/reysXXZSEyD4Pthchju+IUbMiQ==
