# THIS IS AN AUTOGENERATED FILE. DO NOT EDIT THIS FILE DIRECTLY.
# yarn lockfile v1


bcryptjs@^2.4.3:
  version "2.4.3"
  resolved "https://registry.yarnpkg.com/bcryptjs/-/bcryptjs-2.4.3.tgz#9ab5627b93e60621ff7cdac5da9733027df1d0cb"
  integrity sha1-mrVie5PmBiH/fNrF2pczAn3x0Ms=

chart.js@^3.5.1:
  version "3.5.1"
  resolved "https://registry.yarnpkg.com/chart.js/-/chart.js-3.5.1.tgz#73e24d23a4134a70ccdb5e79a917f156b6f3644a"
  integrity sha512-m5kzt72I1WQ9LILwQC4syla/LD/N413RYv2Dx2nnTkRS9iv/ey1xLTt0DnPc/eWV4zI+BgEgDYBIzbQhZHc/PQ==

dotenv@^10.0.0:
  version "10.0.0"
  resolved "https://registry.yarnpkg.com/dotenv/-/dotenv-10.0.0.tgz#3d4227b8fb95f81096cdd2b66653fb2c7085ba81"
  integrity sha512-rlBi9d8jpv9Sf1klPjNfFAuWDjKLwTIJJ/VxtoTwIR6hnZxcEOQCZg2oIL3MWBYw5GpUDKOEnND7LXTbIpQ03Q==

express-async-handler@^1.1.4:
  version "1.1.4"
  resolved "https://registry.yarnpkg.com/express-async-handler/-/express-async-handler-1.1.4.tgz#225a84908df63b35ae9df94b6f0f1af061266426"
  integrity sha512-HdmbVF4V4w1q/iz++RV7bUxIeepTukWewiJGkoCKQMtvPF11MLTa7It9PRc/reysXXZSEyD4Pthchju+IUbMiQ==

lodash@^4.17.19:
  version "4.17.21"
  resolved "https://registry.yarnpkg.com/lodash/-/lodash-4.17.21.tgz#679591c564c3bffaae8454cf0b3df370c3d6911c"
  integrity sha512-v2kDEe57lecTulaDIuNTPy3Ry4gLGJ6Z1O3vE1krgXZNrsQ+LFTGHVxVjcXPs17LhbZVGedAJv8XZ1tvj5FvSg==

react-chartjs-2@^3.0.5:
  version "3.0.5"
  resolved "https://registry.yarnpkg.com/react-chartjs-2/-/react-chartjs-2-3.0.5.tgz#afc23993a32e146bdcc9addff16a28d8964b98ad"
  integrity sha512-fYr4E82agaZi9IFMe5GtOZ6WE/HWdxy/KywLNOzXsqgPkD2oo1IlrQLKMLUki/2UXko3p95TR2L8Q2rEss/opQ==
  dependencies:
    lodash "^4.17.19"
